
Microsoft Visual Studio Solution File, Format Version 12.00
# Visual Studio Version 16
VisualStudioVersion = 16.0.29102.190
MinimumVisualStudioVersion = 10.0.40219.1
Project("{FAE04EC0-301F-11D3-BF4B-00C04F79EFBC}") = "BattleShipV2", "BattleShipV2\BattleShipV2.csproj", "{5F46D598-126C-489E-B5E9-2CDFCF7F4543}"
EndProject
Project("{FAE04EC0-301F-11D3-BF4B-00C04F79EFBC}") = "MenuTest", "UserInputTest\MenuTest.csproj", "{3E51ACF9-BCEE-478A-93EB-EDAB26F065D1}"
EndProject
Global
	GlobalSection(SolutionConfigurationPlatforms) = preSolution
		Debug|Any CPU = Debug|Any CPU
		Release|Any CPU = Release|Any CPU
	EndGlobalSection
	GlobalSection(ProjectConfigurationPlatforms) = postSolution
		{5F46D598-126C-489E-B5E9-2CDFCF7F4543}.Debug|Any CPU.ActiveCfg = Debug|Any CPU
		{5F46D598-126C-489E-B5E9-2CDFCF7F4543}.Debug|Any CPU.Build.0 = Debug|Any CPU
		{5F46D598-126C-489E-B5E9-2CDFCF7F4543}.Release|Any CPU.ActiveCfg = Release|Any CPU
		{5F46D598-126C-489E-B5E9-2CDFCF7F4543}.Release|Any CPU.Build.0 = Release|Any CPU
		{3E51ACF9-BCEE-478A-93EB-EDAB26F065D1}.Debug|Any CPU.ActiveCfg = Debug|Any CPU
		{3E51ACF9-BCEE-478A-93EB-EDAB26F065D1}.Debug|Any CPU.Build.0 = Debug|Any CPU
		{3E51ACF9-BCEE-478A-93EB-EDAB26F065D1}.Release|Any CPU.ActiveCfg = Release|Any CPU
		{3E51ACF9-BCEE-478A-93EB-EDAB26F065D1}.Release|Any CPU.Build.0 = Release|Any CPU
	EndGlobalSection
	GlobalSection(SolutionProperties) = preSolution
		HideSolutionNode = FALSE
	EndGlobalSection
	GlobalSection(ExtensibilityGlobals) = postSolution
		SolutionGuid = {76528A2B-DA77-4862-BA46-4AFF6055E424}
	EndGlobalSection
EndGlobal
